{
  "name": "city-dashboard-import",
  "version": "1.0.0",
  "lockfileVersion": 2,
  "requires": true,
  "packages": {
    "": {
      "name": "city-dashboard-import",
      "version": "1.0.0",
      "license": "ISC",
      "dependencies": {
        "@prisma/client": "^4.0.0",
        "@sindresorhus/slugify": "^2.1.0",
        "csv": "^6.2.0",
        "csv-parse": "^5.3.0"
      },
      "devDependencies": {
        "prisma": "^4.0.0"
      }
    },
    "node_modules/@prisma/client": {
      "version": "4.0.0",
      "resolved": "https://registry.npmjs.org/@prisma/client/-/client-4.0.0.tgz",
      "integrity": "sha512-g1h2OGoRo7anBVQ9Cw3gsbjwPtvf7i0pkGxKeZICtwkvE5CZXW+xZF4FZdmrViYkKaAShbISL0teNpu9ecpf4g==",
      "hasInstallScript": true,
      "dependencies": {
        "@prisma/engines-version": "3.16.0-49.da41d2bb3406da22087b849f0e911199ba4fbf11"
      },
      "engines": {
        "node": ">=14.17"
      },
      "peerDependencies": {
        "prisma": "*"
      },
      "peerDependenciesMeta": {
        "prisma": {
          "optional": true
        }
      }
    },
    "node_modules/@prisma/engines": {
      "version": "3.16.0-49.da41d2bb3406da22087b849f0e911199ba4fbf11",
      "resolved": "https://registry.npmjs.org/@prisma/engines/-/engines-3.16.0-49.da41d2bb3406da22087b849f0e911199ba4fbf11.tgz",
      "integrity": "sha512-u/rG4lDHALolWBLr3yebZ+N2qImp3SDMcu7bHNJuRDaYvYEXy/MqfNRNEgd9GoPsXL3gofYf0VzJf2AmCG3YVw==",
      "devOptional": true,
      "hasInstallScript": true
    },
    "node_modules/@prisma/engines-version": {
      "version": "3.16.0-49.da41d2bb3406da22087b849f0e911199ba4fbf11",
      "resolved": "https://registry.npmjs.org/@prisma/engines-version/-/engines-version-3.16.0-49.da41d2bb3406da22087b849f0e911199ba4fbf11.tgz",
      "integrity": "sha512-PiZhdD624SrYEjyLboI0X7OugNbxUzDJx9v/6ldTKuqNDVUCmRH/Z00XwDi/dgM4FlqOSO+YiUsSiSKjxxG8cw=="
    },
    "node_modules/@sindresorhus/slugify": {
      "version": "2.1.0",
      "resolved": "https://registry.npmjs.org/@sindresorhus/slugify/-/slugify-2.1.0.tgz",
      "integrity": "sha512-gU3Gdm/V167BmUwIn8APHZ3SeeRVRUSOdXxnt7Q/JkUHLXaaTA/prYmoRumwsSitJZWUDYMzDWdWgrOdvE8IRQ==",
      "dependencies": {
        "@sindresorhus/transliterate": "^1.0.0",
        "escape-string-regexp": "^5.0.0"
      },
      "engines": {
        "node": ">=12"
      },
      "funding": {
        "url": "https://github.com/sponsors/sindresorhus"
      }
    },
    "node_modules/@sindresorhus/transliterate": {
      "version": "1.5.0",
      "resolved": "https://registry.npmjs.org/@sindresorhus/transliterate/-/transliterate-1.5.0.tgz",
      "integrity": "sha512-/sfSkoNelLq5riqNRp5uBjHIKBi1MWZk9ubRT1WiBQuTfmDf7BeQkph2DJzRB83QagMPHk2VDjuvpy0VuwyzdA==",
      "dependencies": {
        "escape-string-regexp": "^5.0.0",
        "lodash.deburr": "^4.1.0"
      },
      "engines": {
        "node": ">=12"
      },
      "funding": {
        "url": "https://github.com/sponsors/sindresorhus"
      }
    },
    "node_modules/csv": {
      "version": "6.2.0",
      "resolved": "https://registry.npmjs.org/csv/-/csv-6.2.0.tgz",
      "integrity": "sha512-yT7dkCsJLJ36NUW0d0ei7parOcUCx/QVkK77puwA/rF4bMciTB5Kf+wuegL+7zh8s6revFM+BFQ2h+U2k4jgBQ==",
      "dependencies": {
        "csv-generate": "^4.2.0",
        "csv-parse": "^5.3.0",
        "csv-stringify": "^6.2.0",
        "stream-transform": "^3.2.0"
      },
      "engines": {
        "node": ">= 0.1.90"
      }
    },
    "node_modules/csv-generate": {
      "version": "4.2.0",
      "resolved": "https://registry.npmjs.org/csv-generate/-/csv-generate-4.2.0.tgz",
      "integrity": "sha512-zlIESlGQaYqIhNYwBN2pj5KXNMYbAXZYMOgNoVSoYV8MQyGZwcNWX+kx5LHxocp+zQDqzSgeKh+e+AZs+nCq4Q=="
    },
    "node_modules/csv-parse": {
      "version": "5.3.0",
      "resolved": "https://registry.npmjs.org/csv-parse/-/csv-parse-5.3.0.tgz",
      "integrity": "sha512-UXJCGwvJ2fep39purtAn27OUYmxB1JQto+zhZ4QlJpzsirtSFbzLvip1aIgziqNdZp/TptvsKEV5BZSxe10/DQ=="
    },
    "node_modules/csv-stringify": {
      "version": "6.2.0",
      "resolved": "https://registry.npmjs.org/csv-stringify/-/csv-stringify-6.2.0.tgz",
      "integrity": "sha512-dcUbQLRTTDcgQxgEU8V9IctkaCwHZjZfzUZ5ZB3RY8Y+pXtdtl5iVQHfGzANytFFkRKanYzBXrkfpNdGR7eviA=="
    },
    "node_modules/escape-string-regexp": {
      "version": "5.0.0",
      "resolved": "https://registry.npmjs.org/escape-string-regexp/-/escape-string-regexp-5.0.0.tgz",
      "integrity": "sha512-/veY75JbMK4j1yjvuUxuVsiS/hr/4iHs9FTT6cgTexxdE0Ly/glccBAkloH/DofkjRbZU3bnoj38mOmhkZ0lHw==",
      "engines": {
        "node": ">=12"
      },
      "funding": {
        "url": "https://github.com/sponsors/sindresorhus"
      }
    },
    "node_modules/lodash.deburr": {
      "version": "4.1.0",
      "resolved": "https://registry.npmjs.org/lodash.deburr/-/lodash.deburr-4.1.0.tgz",
      "integrity": "sha512-m/M1U1f3ddMCs6Hq2tAsYThTBDaAKFDX3dwDo97GEYzamXi9SqUpjWi/Rrj/gf3X2n8ktwgZrlP1z6E3v/IExQ=="
    },
    "node_modules/prisma": {
      "version": "4.0.0",
      "resolved": "https://registry.npmjs.org/prisma/-/prisma-4.0.0.tgz",
      "integrity": "sha512-Dtsar03XpCBkcEb2ooGWO/WcgblDTLzGhPcustbehwlFXuTMliMDRzXsfygsgYwQoZnAUKRd1rhpvBNEUziOVw==",
      "devOptional": true,
      "hasInstallScript": true,
      "dependencies": {
        "@prisma/engines": "3.16.0-49.da41d2bb3406da22087b849f0e911199ba4fbf11"
      },
      "bin": {
        "prisma": "build/index.js",
        "prisma2": "build/index.js"
      },
      "engines": {
        "node": ">=14.17"
      }
    },
    "node_modules/stream-transform": {
      "version": "3.2.0",
      "resolved": "https://registry.npmjs.org/stream-transform/-/stream-transform-3.2.0.tgz",
      "integrity": "sha512-M22v88wNknyJiIyHYoiIYI5RPl/R7tkf92j1YNkmrbe5XRGHW0jW8n458j1njOrR4Edcj8bwbpSV0iLIWon1hg=="
    }
  },
  "dependencies": {
    "@prisma/client": {
      "version": "4.0.0",
      "resolved": "https://registry.npmjs.org/@prisma/client/-/client-4.0.0.tgz",
      "integrity": "sha512-g1h2OGoRo7anBVQ9Cw3gsbjwPtvf7i0pkGxKeZICtwkvE5CZXW+xZF4FZdmrViYkKaAShbISL0teNpu9ecpf4g==",
      "requires": {
        "@prisma/engines-version": "3.16.0-49.da41d2bb3406da22087b849f0e911199ba4fbf11"
      }
    },
    "@prisma/engines": {
      "version": "3.16.0-49.da41d2bb3406da22087b849f0e911199ba4fbf11",
      "resolved": "https://registry.npmjs.org/@prisma/engines/-/engines-3.16.0-49.da41d2bb3406da22087b849f0e911199ba4fbf11.tgz",
      "integrity": "sha512-u/rG4lDHALolWBLr3yebZ+N2qImp3SDMcu7bHNJuRDaYvYEXy/MqfNRNEgd9GoPsXL3gofYf0VzJf2AmCG3YVw==",
      "devOptional": true
    },
    "@prisma/engines-version": {
      "version": "3.16.0-49.da41d2bb3406da22087b849f0e911199ba4fbf11",
      "resolved": "https://registry.npmjs.org/@prisma/engines-version/-/engines-version-3.16.0-49.da41d2bb3406da22087b849f0e911199ba4fbf11.tgz",
      "integrity": "sha512-PiZhdD624SrYEjyLboI0X7OugNbxUzDJx9v/6ldTKuqNDVUCmRH/Z00XwDi/dgM4FlqOSO+YiUsSiSKjxxG8cw=="
    },
    "@sindresorhus/slugify": {
      "version": "2.1.0",
      "resolved": "https://registry.npmjs.org/@sindresorhus/slugify/-/slugify-2.1.0.tgz",
      "integrity": "sha512-gU3Gdm/V167BmUwIn8APHZ3SeeRVRUSOdXxnt7Q/JkUHLXaaTA/prYmoRumwsSitJZWUDYMzDWdWgrOdvE8IRQ==",
      "requires": {
        "@sindresorhus/transliterate": "^1.0.0",
        "escape-string-regexp": "^5.0.0"
      }
    },
    "@sindresorhus/transliterate": {
      "version": "1.5.0",
      "resolved": "https://registry.npmjs.org/@sindresorhus/transliterate/-/transliterate-1.5.0.tgz",
      "integrity": "sha512-/sfSkoNelLq5riqNRp5uBjHIKBi1MWZk9ubRT1WiBQuTfmDf7BeQkph2DJzRB83QagMPHk2VDjuvpy0VuwyzdA==",
      "requires": {
        "escape-string-regexp": "^5.0.0",
        "lodash.deburr": "^4.1.0"
      }
    },
    "csv": {
      "version": "6.2.0",
      "resolved": "https://registry.npmjs.org/csv/-/csv-6.2.0.tgz",
      "integrity": "sha512-yT7dkCsJLJ36NUW0d0ei7parOcUCx/QVkK77puwA/rF4bMciTB5Kf+wuegL+7zh8s6revFM+BFQ2h+U2k4jgBQ==",
      "requires": {
        "csv-generate": "^4.2.0",
        "csv-parse": "^5.3.0",
        "csv-stringify": "^6.2.0",
        "stream-transform": "^3.2.0"
      }
    },
    "csv-generate": {
      "version": "4.2.0",
      "resolved": "https://registry.npmjs.org/csv-generate/-/csv-generate-4.2.0.tgz",
      "integrity": "sha512-zlIESlGQaYqIhNYwBN2pj5KXNMYbAXZYMOgNoVSoYV8MQyGZwcNWX+kx5LHxocp+zQDqzSgeKh+e+AZs+nCq4Q=="
    },
    "csv-parse": {
      "version": "5.3.0",
      "resolved": "https://registry.npmjs.org/csv-parse/-/csv-parse-5.3.0.tgz",
      "integrity": "sha512-UXJCGwvJ2fep39purtAn27OUYmxB1JQto+zhZ4QlJpzsirtSFbzLvip1aIgziqNdZp/TptvsKEV5BZSxe10/DQ=="
    },
    "csv-stringify": {
      "version": "6.2.0",
      "resolved": "https://registry.npmjs.org/csv-stringify/-/csv-stringify-6.2.0.tgz",
      "integrity": "sha512-dcUbQLRTTDcgQxgEU8V9IctkaCwHZjZfzUZ5ZB3RY8Y+pXtdtl5iVQHfGzANytFFkRKanYzBXrkfpNdGR7eviA=="
    },
    "escape-string-regexp": {
      "version": "5.0.0",
      "resolved": "https://registry.npmjs.org/escape-string-regexp/-/escape-string-regexp-5.0.0.tgz",
      "integrity": "sha512-/veY75JbMK4j1yjvuUxuVsiS/hr/4iHs9FTT6cgTexxdE0Ly/glccBAkloH/DofkjRbZU3bnoj38mOmhkZ0lHw=="
    },
    "lodash.deburr": {
      "version": "4.1.0",
      "resolved": "https://registry.npmjs.org/lodash.deburr/-/lodash.deburr-4.1.0.tgz",
      "integrity": "sha512-m/M1U1f3ddMCs6Hq2tAsYThTBDaAKFDX3dwDo97GEYzamXi9SqUpjWi/Rrj/gf3X2n8ktwgZrlP1z6E3v/IExQ=="
    },
    "prisma": {
      "version": "4.0.0",
      "resolved": "https://registry.npmjs.org/prisma/-/prisma-4.0.0.tgz",
      "integrity": "sha512-Dtsar03XpCBkcEb2ooGWO/WcgblDTLzGhPcustbehwlFXuTMliMDRzXsfygsgYwQoZnAUKRd1rhpvBNEUziOVw==",
      "devOptional": true,
      "requires": {
        "@prisma/engines": "3.16.0-49.da41d2bb3406da22087b849f0e911199ba4fbf11"
      }
    },
    "stream-transform": {
      "version": "3.2.0",
      "resolved": "https://registry.npmjs.org/stream-transform/-/stream-transform-3.2.0.tgz",
      "integrity": "sha512-M22v88wNknyJiIyHYoiIYI5RPl/R7tkf92j1YNkmrbe5XRGHW0jW8n458j1njOrR4Edcj8bwbpSV0iLIWon1hg=="
    }
  }
}
